
Microsoft Visual Studio Solution File, Format Version 12.00
# Visual Studio Version 16
VisualStudioVersion = 16.0.30717.126
MinimumVisualStudioVersion = 10.0.40219.1
Project("{FAE04EC0-301F-11D3-BF4B-00C04F79EFBC}") = "oopsCreateObject", "oopsCreateObject.csproj", "{E0F7E58B-BC15-46D8-857B-2A9C1DB70844}"
EndProject
Global
	GlobalSection(SolutionConfigurationPlatforms) = preSolution
		Debug|Any CPU = Debug|Any CPU
		Release|Any CPU = Release|Any CPU
	EndGlobalSection
	GlobalSection(ProjectConfigurationPlatforms) = postSolution
		{E0F7E58B-BC15-46D8-857B-2A9C1DB70844}.Debug|Any CPU.ActiveCfg = Debug|Any CPU
		{E0F7E58B-BC15-46D8-857B-2A9C1DB70844}.Debug|Any CPU.Build.0 = Debug|Any CPU
		{E0F7E58B-BC15-46D8-857B-2A9C1DB70844}.Release|Any CPU.ActiveCfg = Release|Any CPU
		{E0F7E58B-BC15-46D8-857B-2A9C1DB70844}.Release|Any CPU.Build.0 = Release|Any CPU
	EndGlobalSection
	GlobalSection(SolutionProperties) = preSolution
		HideSolutionNode = FALSE
	EndGlobalSection
	GlobalSection(ExtensibilityGlobals) = postSolution
		SolutionGuid = {831756CC-E6B1-41F5-BD56-B76AD5347D1B}
	EndGlobalSection
EndGlobal
